
Microsoft Visual Studio Solution File, Format Version 12.00
# Visual Studio Version 16
VisualStudioVersion = 16.0.34031.81
MinimumVisualStudioVersion = 10.0.40219.1
Project("{FAE04EC0-301F-11D3-BF4B-00C04F79EFBC}") = "PractikWork4", "PractikWork4\PractikWork4.csproj", "{926A1BB0-BD24-472C-BF19-2948790524E2}"
EndProject
Global
	GlobalSection(SolutionConfigurationPlatforms) = preSolution
		Debug|Any CPU = Debug|Any CPU
		Release|Any CPU = Release|Any CPU
	EndGlobalSection
	GlobalSection(ProjectConfigurationPlatforms) = postSolution
		{926A1BB0-BD24-472C-BF19-2948790524E2}.Debug|Any CPU.ActiveCfg = Debug|Any CPU
		{926A1BB0-BD24-472C-BF19-2948790524E2}.Debug|Any CPU.Build.0 = Debug|Any CPU
		{926A1BB0-BD24-472C-BF19-2948790524E2}.Release|Any CPU.ActiveCfg = Release|Any CPU
		{926A1BB0-BD24-472C-BF19-2948790524E2}.Release|Any CPU.Build.0 = Release|Any CPU
	EndGlobalSection
	GlobalSection(SolutionProperties) = preSolution
		HideSolutionNode = FALSE
	EndGlobalSection
	GlobalSection(ExtensibilityGlobals) = postSolution
		SolutionGuid = {6DCB33A6-D0EB-42F2-9890-0CF284CF5C93}
	EndGlobalSection
EndGlobal
